// !$*UTF8*$!
{
	archiveVersion = 1;
	classes = {
	};
	objectVersion = 50;
	objects = {

/* Begin PBXBuildFile section */
		FB3117672450EA0700CBD234 /* AppDelegate.swift in Sources */ = {isa = PBXBuildFile; fileRef = FB3117662450EA0700CBD234 /* AppDelegate.swift */; };
		FB3117692450EA0700CBD234 /* SceneDelegate.swift in Sources */ = {isa = PBXBuildFile; fileRef = FB3117682450EA0700CBD234 /* SceneDelegate.swift */; };
		FB31176B2450EA0700CBD234 /* ViewController.swift in Sources */ = {isa = PBXBuildFile; fileRef = FB31176A2450EA0700CBD234 /* ViewController.swift */; };
		FB31176E2450EA0700CBD234 /* Main.storyboard in Resources */ = {isa = PBXBuildFile; fileRef = FB31176C2450EA0700CBD234 /* Main.storyboard */; };
		FB3117712450EA0700CBD234 /* Parkovaci_domy.xcdatamodeld in Sources */ = {isa = PBXBuildFile; fileRef = FB31176F2450EA0700CBD234 /* Parkovaci_domy.xcdatamodeld */; };
		FB3117732450EA0900CBD234 /* Assets.xcassets in Resources */ = {isa = PBXBuildFile; fileRef = FB3117722450EA0900CBD234 /* Assets.xcassets */; };
		FB3117762450EA0900CBD234 /* LaunchScreen.storyboard in Resources */ = {isa = PBXBuildFile; fileRef = FB3117742450EA0900CBD234 /* LaunchScreen.storyboard */; };
/* End PBXBuildFile section */

/* Begin PBXFileReference section */
		FB3117632450EA0700CBD234 /* Parkovaci_domy.app */ = {isa = PBXFileReference; explicitFileType = wrapper.application; includeInIndex = 0; path = Parkovaci_domy.app; sourceTree = BUILT_PRODUCTS_DIR; };
		FB3117662450EA0700CBD234 /* AppDelegate.swift */ = {isa = PBXFileReference; lastKnownFileType = sourcecode.swift; path = AppDelegate.swift; sourceTree = "<group>"; };
		FB3117682450EA0700CBD234 /* SceneDelegate.swift */ = {isa = PBXFileReference; lastKnownFileType = sourcecode.swift; path = SceneDelegate.swift; sourceTree = "<group>"; };
		FB31176A2450EA0700CBD234 /* ViewController.swift */ = {isa = PBXFileReference; lastKnownFileType = sourcecode.swift; path = ViewController.swift; sourceTree = "<group>"; };
		FB31176D2450EA0700CBD234 /* Base */ = {isa = PBXFileReference; lastKnownFileType = file.storyboard; name = Base; path = Base.lproj/Main.storyboard; sourceTree = "<group>"; };
		FB3117702450EA0700CBD234 /* Parkovaci_domy.xcdatamodel */ = {isa = PBXFileReference; lastKnownFileType = wrapper.xcdatamodel; path = Parkovaci_domy.xcdatamodel; sourceTree = "<group>"; };
		FB3117722450EA0900CBD234 /* Assets.xcassets */ = {isa = PBXFileReference; lastKnownFileType = folder.assetcatalog; path = Assets.xcassets; sourceTree = "<group>"; };
		FB3117752450EA0900CBD234 /* Base */ = {isa = PBXFileReference; lastKnownFileType = file.storyboard; name = Base; path = Base.lproj/LaunchScreen.storyboard; sourceTree = "<group>"; };
		FB3117772450EA0900CBD234 /* Info.plist */ = {isa = PBXFileReference; lastKnownFileType = text.plist.xml; path = Info.plist; sourceTree = "<group>"; };
/* End PBXFileReference section */

/* Begin PBXFrameworksBuildPhase section */
		FB3117602450EA0700CBD234 /* Frameworks */ = {
			isa = PBXFrameworksBuildPhase;
			buildActionMask = 2147483647;
			files = (
			);
			runOnlyForDeploymentPostprocessing = 0;
		};
/* End PBXFrameworksBuildPhase section */

/* Begin PBXGroup section */
		FB31175A2450EA0700CBD234 = {
			isa = PBXGroup;
			children = (
				FB3117652450EA0700CBD234 /* Parkovaci_domy */,
				FB3117642450EA0700CBD234 /* Products */,
			);
			sourceTree = "<group>";
		};
		FB3117642450EA0700CBD234 /* Products */ = {
			isa = PBXGroup;
			children = (
				FB3117632450EA0700CBD234 /* Parkovaci_domy.app */,
			);
			name = Products;
			sourceTree = "<group>";
		};
		FB3117652450EA0700CBD234 /* Parkovaci_domy */ = {
			isa = PBXGroup;
			children = (
				FB3117662450EA0700CBD234 /* AppDelegate.swift */,
				FB3117682450EA0700CBD234 /* SceneDelegate.swift */,
				FB31176A2450EA0700CBD234 /* ViewController.swift */,
				FB31176C2450EA0700CBD234 /* Main.storyboard */,
				FB3117722450EA0900CBD234 /* Assets.xcassets */,
				FB3117742450EA0900CBD234 /* LaunchScreen.storyboard */,
				FB3117772450EA0900CBD234 /* Info.plist */,
				FB31176F2450EA0700CBD234 /* Parkovaci_domy.xcdatamodeld */,
			);
			path = Parkovaci_domy;
			sourceTree = "<group>";
		};
/* End PBXGroup section */

/* Begin PBXNativeTarget section */
		FB3117622450EA0700CBD234 /* Parkovaci_domy */ = {
			isa = PBXNativeTarget;
			buildConfigurationList = FB31177A2450EA0900CBD234 /* Build configuration list for PBXNativeTarget "Parkovaci_domy" */;
			buildPhases = (
				FB31175F2450EA0700CBD234 /* Sources */,
				FB3117602450EA0700CBD234 /* Frameworks */,
				FB3117612450EA0700CBD234 /* Resources */,
			);
			buildRules = (
			);
			dependencies = (
			);
			name = Parkovaci_domy;
			productName = Parkovaci_domy;
			productReference = FB3117632450EA0700CBD234 /* Parkovaci_domy.app */;
			productType = "com.apple.product-type.application";
		};
/* End PBXNativeTarget section */

/* Begin PBXProject section */
		FB31175B2450EA0700CBD234 /* Project object */ = {
			isa = PBXProject;
			attributes = {
				LastSwiftUpdateCheck = 1140;
				LastUpgradeCheck = 1140;
				ORGANIZATIONNAME = "Jan Menšík";
				TargetAttributes = {
					FB3117622450EA0700CBD234 = {
						CreatedOnToolsVersion = 11.4;
					};
				};
			};
			buildConfigurationList = FB31175E2450EA0700CBD234 /* Build configuration list for PBXProject "Parkovaci_domy" */;
			compatibilityVersion = "Xcode 9.3";
			developmentRegion = en;
			hasScannedForEncodings = 0;
			knownRegions = (
				en,
				Base,
			);
			mainGroup = FB31175A2450EA0700CBD234;
			productRefGroup = FB3117642450EA0700CBD234 /* Products */;
			projectDirPath = "";
			projectRoot = "";
			targets = (
				FB3117622450EA0700CBD234 /* Parkovaci_domy */,
			);
		};
/* End PBXProject section */

/* Begin PBXResourcesBuildPhase section */
		FB3117612450EA0700CBD234 /* Resources */ = {
			isa = PBXResourcesBuildPhase;
			buildActionMask = 2147483647;
			files = (
				FB3117762450EA0900CBD234 /* LaunchScreen.storyboard in Resources */,
				FB3117732450EA0900CBD234 /* Assets.xcassets in Resources */,
				FB31176E2450EA0700CBD234 /* Main.storyboard in Resources */,
			);
			runOnlyForDeploymentPostprocessing = 0;
		};
/* End PBXResourcesBuildPhase section */

/* Begin PBXSourcesBuildPhase section */
		FB31175F2450EA0700CBD234 /* Sources */ = {
			isa = PBXSourcesBuildPhase;
			buildActionMask = 2147483647;
			files = (
				FB31176B2450EA0700CBD234 /* ViewController.swift in Sources */,
				FB3117672450EA0700CBD234 /* AppDelegate.swift in Sources */,
				FB3117692450EA0700CBD234 /* SceneDelegate.swift in Sources */,
				FB3117712450EA0700CBD234 /* Parkovaci_domy.xcdatamodeld in Sources */,
			);
			runOnlyForDeploymentPostprocessing = 0;
		};
/* End PBXSourcesBuildPhase section */

/* Begin PBXVariantGroup section */
		FB31176C2450EA0700CBD234 /* Main.storyboard */ = {
			isa = PBXVariantGroup;
			children = (
				FB31176D2450EA0700CBD234 /* Base */,
			);
			name = Main.storyboard;
			sourceTree = "<group>";
		};
		FB3117742450EA0900CBD234 /* LaunchScreen.storyboard */ = {
			isa = PBXVariantGroup;
			children = (
				FB3117752450EA0900CBD234 /* Base */,
			);
			name = LaunchScreen.storyboard;
			sourceTree = "<group>";
		};
/* End PBXVariantGroup section */

/* Begin XCBuildConfiguration section */
		FB3117782450EA0900CBD234 /* Debug */ = {
			isa = XCBuildConfiguration;
			buildSettings = {
				ALWAYS_SEARCH_USER_PATHS = NO;
				CLANG_ANALYZER_NONNULL = YES;
				CLANG_ANALYZER_NUMBER_OBJECT_CONVERSION = YES_AGGRESSIVE;
				CLANG_CXX_LANGUAGE_STANDARD = "gnu++14";
				CLANG_CXX_LIBRARY = "libc++";
				CLANG_ENABLE_MODULES = YES;
				CLANG_ENABLE_OBJC_ARC = YES;
				CLANG_ENABLE_OBJC_WEAK = YES;
				CLANG_WARN_BLOCK_CAPTURE_AUTORELEASING = YES;
				CLANG_WARN_BOOL_CONVERSION = YES;
				CLANG_WARN_COMMA = YES;
				CLANG_WARN_CONSTANT_CONVERSION = YES;
				CLANG_WARN_DEPRECATED_OBJC_IMPLEMENTATIONS = YES;
				CLANG_WARN_DIRECT_OBJC_ISA_USAGE = YES_ERROR;
				CLANG_WARN_DOCUMENTATION_COMMENTS = YES;
				CLANG_WARN_EMPTY_BODY = YES;
				CLANG_WARN_ENUM_CONVERSION = YES;
				CLANG_WARN_INFINITE_RECURSION = YES;
				CLANG_WARN_INT_CONVERSION = YES;
				CLANG_WARN_NON_LITERAL_NULL_CONVERSION = YES;
				CLANG_WARN_OBJC_IMPLICIT_RETAIN_SELF = YES;
				CLANG_WARN_OBJC_LITERAL_CONVERSION = YES;
				CLANG_WARN_OBJC_ROOT_CLASS = YES_ERROR;
				CLANG_WARN_RANGE_LOOP_ANALYSIS = YES;
				CLANG_WARN_STRICT_PROTOTYPES = YES;
				CLANG_WARN_SUSPICIOUS_MOVE = YES;
				CLANG_WARN_UNGUARDED_AVAILABILITY = YES_AGGRESSIVE;
				CLANG_WARN_UNREACHABLE_CODE = YES;
				CLANG_WARN__DUPLICATE_METHOD_MATCH = YES;
				COPY_PHASE_STRIP = NO;
				DEBUG_INFORMATION_FORMAT = dwarf;
				ENABLE_STRICT_OBJC_MSGSEND = YES;
				ENABLE_TESTABILITY = YES;
				GCC_C_LANGUAGE_STANDARD = gnu11;
				GCC_DYNAMIC_NO_PIC = NO;
				GCC_NO_COMMON_BLOCKS = YES;
				GCC_OPTIMIZATION_LEVEL = 0;
				GCC_PREPROCESSOR_DEFINITIONS = (
					"DEBUG=1",
					"$(inherited)",
				);
				GCC_WARN_64_TO_32_BIT_CONVERSION = YES;
				GCC_WARN_ABOUT_RETURN_TYPE = YES_ERROR;
				GCC_WARN_UNDECLARED_SELECTOR = YES;
				GCC_WARN_UNINITIALIZED_AUTOS = YES_AGGRESSIVE;
				GCC_WARN_UNUSED_FUNCTION = YES;
				GCC_WARN_UNUSED_VARIABLE = YES;
				IPHONEOS_DEPLOYMENT_TARGET = 13.4;
				MTL_ENABLE_DEBUG_INFO = INCLUDE_SOURCE;
				MTL_FAST_MATH = YES;
				ONLY_ACTIVE_ARCH = YES;
				SDKROOT = iphoneos;
				SWIFT_ACTIVE_COMPILATION_CONDITIONS = DEBUG;
				SWIFT_OPTIMIZATION_LEVEL = "-Onone";
			};
			name = Debug;
		};
		FB3117792450EA0900CBD234 /* Release */ = {
			isa = XCBuildConfiguration;
			buildSettings = {
				ALWAYS_SEARCH_USER_PATHS = NO;
				CLANG_ANALYZER_NONNULL = YES;
				CLANG_ANALYZER_NUMBER_OBJECT_CONVERSION = YES_AGGRESSIVE;
				CLANG_CXX_LANGUAGE_STANDARD = "gnu++14";
				CLANG_CXX_LIBRARY = "libc++";
				CLANG_ENABLE_MODULES = YES;
				CLANG_ENABLE_OBJC_ARC = YES;
				CLANG_ENABLE_OBJC_WEAK = YES;
				CLANG_WARN_BLOCK_CAPTURE_AUTORELEASING = YES;
				CLANG_WARN_BOOL_CONVERSION = YES;
				CLANG_WARN_COMMA = YES;
				CLANG_WARN_CONSTANT_CONVERSION = YES;
				CLANG_WARN_DEPRECATED_OBJC_IMPLEMENTATIONS = YES;
				CLANG_WARN_DIRECT_OBJC_ISA_USAGE = YES_ERROR;
				CLANG_WARN_DOCUMENTATION_COMMENTS = YES;
				CLANG_WARN_EMPTY_BODY = YES;
				CLANG_WARN_ENUM_CONVERSION = YES;
				CLANG_WARN_INFINITE_RECURSION = YES;
				CLANG_WARN_INT_CONVERSION = YES;
				CLANG_WARN_NON_LITERAL_NULL_CONVERSION = YES;
				CLANG_WARN_OBJC_IMPLICIT_RETAIN_SELF = YES;
				CLANG_WARN_OBJC_LITERAL_CONVERSION = YES;
				CLANG_WARN_OBJC_ROOT_CLASS = YES_ERROR;
				CLANG_WARN_RANGE_LOOP_ANALYSIS = YES;
				CLANG_WARN_STRICT_PROTOTYPES = YES;
				CLANG_WARN_SUSPICIOUS_MOVE = YES;
				CLANG_WARN_UNGUARDED_AVAILABILITY = YES_AGGRESSIVE;
				CLANG_WARN_UNREACHABLE_CODE = YES;
				CLANG_WARN__DUPLICATE_METHOD_MATCH = YES;
				COPY_PHASE_STRIP = NO;
				DEBUG_INFORMATION_FORMAT = "dwarf-with-dsym";
				ENABLE_NS_ASSERTIONS = NO;
				ENABLE_STRICT_OBJC_MSGSEND = YES;
				GCC_C_LANGUAGE_STANDARD = gnu11;
				GCC_NO_COMMON_BLOCKS = YES;
				GCC_WARN_64_TO_32_BIT_CONVERSION = YES;
				GCC_WARN_ABOUT_RETURN_TYPE = YES_ERROR;
				GCC_WARN_UNDECLARED_SELECTOR = YES;
				GCC_WARN_UNINITIALIZED_AUTOS = YES_AGGRESSIVE;
				GCC_WARN_UNUSED_FUNCTION = YES;
				GCC_WARN_UNUSED_VARIABLE = YES;
				IPHONEOS_DEPLOYMENT_TARGET = 13.4;
				MTL_ENABLE_DEBUG_INFO = NO;
				MTL_FAST_MATH = YES;
				SDKROOT = iphoneos;
				SWIFT_COMPILATION_MODE = wholemodule;
				SWIFT_OPTIMIZATION_LEVEL = "-O";
				VALIDATE_PRODUCT = YES;
			};
			name = Release;
		};
		FB31177B2450EA0900CBD234 /* Debug */ = {
			isa = XCBuildConfiguration;
			buildSettings = {
				ASSETCATALOG_COMPILER_APPICON_NAME = AppIcon;
				CODE_SIGN_STYLE = Automatic;
				DEVELOPMENT_TEAM = BG84NHF336;
				INFOPLIST_FILE = Parkovaci_domy/Info.plist;
				LD_RUNPATH_SEARCH_PATHS = (
					"$(inherited)",
					"@executable_path/Frameworks",
				);
				PRODUCT_BUNDLE_IDENTIFIER = "personal.Parkovaci-domy";
				PRODUCT_NAME = "$(TARGET_NAME)";
				SWIFT_VERSION = 5.0;
				TARGETED_DEVICE_FAMILY = "1,2";
			};
			name = Debug;
		};
		FB31177C2450EA0900CBD234 /* Release */ = {
			isa = XCBuildConfiguration;
			buildSettings = {
				ASSETCATALOG_COMPILER_APPICON_NAME = AppIcon;
				CODE_SIGN_STYLE = Automatic;
				DEVELOPMENT_TEAM = BG84NHF336;
				INFOPLIST_FILE = Parkovaci_domy/Info.plist;
				LD_RUNPATH_SEARCH_PATHS = (
					"$(inherited)",
					"@executable_path/Frameworks",
				);
				PRODUCT_BUNDLE_IDENTIFIER = "personal.Parkovaci-domy";
				PRODUCT_NAME = "$(TARGET_NAME)";
				SWIFT_VERSION = 5.0;
				TARGETED_DEVICE_FAMILY = "1,2";
			};
			name = Release;
		};
/* End XCBuildConfiguration section */

/* Begin XCConfigurationList section */
		FB31175E2450EA0700CBD234 /* Build configuration list for PBXProject "Parkovaci_domy" */ = {
			isa = XCConfigurationList;
			buildConfigurations = (
				FB3117782450EA0900CBD234 /* Debug */,
				FB3117792450EA0900CBD234 /* Release */,
			);
			defaultConfigurationIsVisible = 0;
			defaultConfigurationName = Release;
		};
		FB31177A2450EA0900CBD234 /* Build configuration list for PBXNativeTarget "Parkovaci_domy" */ = {
			isa = XCConfigurationList;
			buildConfigurations = (
				FB31177B2450EA0900CBD234 /* Debug */,
				FB31177C2450EA0900CBD234 /* Release */,
			);
			defaultConfigurationIsVisible = 0;
			defaultConfigurationName = Release;
		};
/* End XCConfigurationList section */

/* Begin XCVersionGroup section */
		FB31176F2450EA0700CBD234 /* Parkovaci_domy.xcdatamodeld */ = {
			isa = XCVersionGroup;
			children = (
				FB3117702450EA0700CBD234 /* Parkovaci_domy.xcdatamodel */,
			);
			currentVersion = FB3117702450EA0700CBD234 /* Parkovaci_domy.xcdatamodel */;
			path = Parkovaci_domy.xcdatamodeld;
			sourceTree = "<group>";
			versionGroupType = wrapper.xcdatamodel;
		};
/* End XCVersionGroup section */
	};
	rootObject = FB31175B2450EA0700CBD234 /* Project object */;
}
